// !$*UTF8*$!
{
	archiveVersion = 1;
	classes = {
	};
	objectVersion = 50;
	objects = {

/* Begin PBXBuildFile section */
		38195A40217BA31E0000E656 /* AppDelegate.swift in Sources */ = {isa = PBXBuildFile; fileRef = 38195A3F217BA31E0000E656 /* AppDelegate.swift */; };
		38195A4A217BA3200000E656 /* LaunchScreen.storyboard in Resources */ = {isa = PBXBuildFile; fileRef = 38195A48217BA3200000E656 /* LaunchScreen.storyboard */; };
		38195A74217BA7DE0000E656 /* Assets.xcassets in Resources */ = {isa = PBXBuildFile; fileRef = 38195A72217BA7DE0000E656 /* Assets.xcassets */; };
		38195A7B217BA8E70000E656 /* MAMoviesListViewController.swift in Sources */ = {isa = PBXBuildFile; fileRef = 38195A7A217BA8E70000E656 /* MAMoviesListViewController.swift */; };
		3830449621B08A4700D708F0 /* MAMovieDetailPresenter.swift in Sources */ = {isa = PBXBuildFile; fileRef = 3830449521B08A4700D708F0 /* MAMovieDetailPresenter.swift */; };
		38B86C24217C4C22000F10DE /* MAMovieDetailViewFactory.swift in Sources */ = {isa = PBXBuildFile; fileRef = 38B86C23217C4C22000F10DE /* MAMovieDetailViewFactory.swift */; };
		38B86C27217C4DB3000F10DE /* MADetailMovieModel.swift in Sources */ = {isa = PBXBuildFile; fileRef = 38B86C26217C4DB3000F10DE /* MADetailMovieModel.swift */; };
		38B86C2D217C5B11000F10DE /* MAApiImagesConfigurationModel.swift in Sources */ = {isa = PBXBuildFile; fileRef = 38B86C2C217C5B11000F10DE /* MAApiImagesConfigurationModel.swift */; };
		38B86C34217CE36B000F10DE /* MANetworkClient.swift in Sources */ = {isa = PBXBuildFile; fileRef = 38B86C33217CE36B000F10DE /* MANetworkClient.swift */; };
		38B86C36217CECFC000F10DE /* MAFileManager.swift in Sources */ = {isa = PBXBuildFile; fileRef = 38B86C35217CECFC000F10DE /* MAFileManager.swift */; };
		38B86C38217CED3D000F10DE /* FileManager + MoviesApp.swift in Sources */ = {isa = PBXBuildFile; fileRef = 38B86C37217CED3D000F10DE /* FileManager + MoviesApp.swift */; };
		38B86C3A217CEE38000F10DE /* keys.plist in Resources */ = {isa = PBXBuildFile; fileRef = 38B86C39217CEE38000F10DE /* keys.plist */; };
		38B86C3C217CF06F000F10DE /* MAConstants.swift in Sources */ = {isa = PBXBuildFile; fileRef = 38B86C3B217CF06F000F10DE /* MAConstants.swift */; };
		38B86C3E217CF237000F10DE /* MAEndpoint.swift in Sources */ = {isa = PBXBuildFile; fileRef = 38B86C3D217CF237000F10DE /* MAEndpoint.swift */; };
		38B86C40217CF5B0000F10DE /* UserDefaults + MoviesApp.swift in Sources */ = {isa = PBXBuildFile; fileRef = 38B86C3F217CF5B0000F10DE /* UserDefaults + MoviesApp.swift */; };
		38B86C42217D127D000F10DE /* MALoadingViewController.swift in Sources */ = {isa = PBXBuildFile; fileRef = 38B86C41217D127D000F10DE /* MALoadingViewController.swift */; };
		38B86C44217D12E3000F10DE /* UIViewController + MoviesApp.swift in Sources */ = {isa = PBXBuildFile; fileRef = 38B86C43217D12E3000F10DE /* UIViewController + MoviesApp.swift */; };
		38B86C46217D1CD6000F10DE /* MANowPlayingMoviesModel.swift in Sources */ = {isa = PBXBuildFile; fileRef = 38B86C45217D1CD6000F10DE /* MANowPlayingMoviesModel.swift */; };
		38B86C4B217D575B000F10DE /* MAConfigurable.swift in Sources */ = {isa = PBXBuildFile; fileRef = 38B86C4A217D575B000F10DE /* MAConfigurable.swift */; };
		38B86C4E217D5784000F10DE /* MAMovieImage.swift in Sources */ = {isa = PBXBuildFile; fileRef = 38B86C4D217D5784000F10DE /* MAMovieImage.swift */; };
		38B86C54217D6236000F10DE /* MAConfigurationEnpoint.swift in Sources */ = {isa = PBXBuildFile; fileRef = 38B86C53217D6236000F10DE /* MAConfigurationEnpoint.swift */; };
		38B86C57217D629B000F10DE /* MANowPlayingEndpoint.swift in Sources */ = {isa = PBXBuildFile; fileRef = 38B86C56217D629B000F10DE /* MANowPlayingEndpoint.swift */; };
		38B86C5B217D6770000F10DE /* MASearchEndpoint.swift in Sources */ = {isa = PBXBuildFile; fileRef = 38B86C5A217D6770000F10DE /* MASearchEndpoint.swift */; };
		38C4B534217C25AC00657627 /* UICollectionViewCell + MoviesApp.swift in Sources */ = {isa = PBXBuildFile; fileRef = 38C4B533217C25AC00657627 /* UICollectionViewCell + MoviesApp.swift */; };
		38C4B538217C275900657627 /* MAMovieDetailViewController.swift in Sources */ = {isa = PBXBuildFile; fileRef = 38C4B537217C275900657627 /* MAMovieDetailViewController.swift */; };
		38C4B53A217C38E100657627 /* UINavigationController + MoviesApp.swift in Sources */ = {isa = PBXBuildFile; fileRef = 38C4B539217C38E100657627 /* UINavigationController + MoviesApp.swift */; };
		38C4B53D217C440B00657627 /* MAMovieDetailView.swift in Sources */ = {isa = PBXBuildFile; fileRef = 38C4B53C217C440B00657627 /* MAMovieDetailView.swift */; };
		38E78693217DE39D0058AFA2 /* MAConfiguration.swift in Sources */ = {isa = PBXBuildFile; fileRef = 38E78692217DE39D0058AFA2 /* MAConfiguration.swift */; };
		38E78695217DE8CE0058AFA2 /* MAMoviesListUITests.swift in Sources */ = {isa = PBXBuildFile; fileRef = 38E78694217DE8CE0058AFA2 /* MAMoviesListUITests.swift */; };
		38EDA594217EBD1700C8381A /* MAErrorAlerts.swift in Sources */ = {isa = PBXBuildFile; fileRef = 38EDA593217EBD1700C8381A /* MAErrorAlerts.swift */; };
		38EDA596217EC5CB00C8381A /* MANetworkClientTest.swift in Sources */ = {isa = PBXBuildFile; fileRef = 38EDA595217EC5CB00C8381A /* MANetworkClientTest.swift */; };
		38F1D0B2217BB71B001E70EE /* MAMovieListCellCollectionViewCell.swift in Sources */ = {isa = PBXBuildFile; fileRef = 38F1D0B1217BB71B001E70EE /* MAMovieListCellCollectionViewCell.swift */; };
		46ACEA24217E5C9800E3B638 /* MAMoviesListPresenter.swift in Sources */ = {isa = PBXBuildFile; fileRef = 46ACEA23217E5C9800E3B638 /* MAMoviesListPresenter.swift */; };
/* End PBXBuildFile section */

/* Begin PBXContainerItemProxy section */
		38195A51217BA3200000E656 /* PBXContainerItemProxy */ = {
			isa = PBXContainerItemProxy;
			containerPortal = 38195A34217BA31E0000E656 /* Project object */;
			proxyType = 1;
			remoteGlobalIDString = 38195A3B217BA31E0000E656;
			remoteInfo = MoviesApp;
		};
		38195A5C217BA3200000E656 /* PBXContainerItemProxy */ = {
			isa = PBXContainerItemProxy;
			containerPortal = 38195A34217BA31E0000E656 /* Project object */;
			proxyType = 1;
			remoteGlobalIDString = 38195A3B217BA31E0000E656;
			remoteInfo = MoviesApp;
		};
/* End PBXContainerItemProxy section */

/* Begin PBXFileReference section */
		38195A3C217BA31E0000E656 /* MoviesApp.app */ = {isa = PBXFileReference; explicitFileType = wrapper.application; includeInIndex = 0; path = MoviesApp.app; sourceTree = BUILT_PRODUCTS_DIR; };
		38195A3F217BA31E0000E656 /* AppDelegate.swift */ = {isa = PBXFileReference; lastKnownFileType = sourcecode.swift; path = AppDelegate.swift; sourceTree = "<group>"; };
		38195A49217BA3200000E656 /* Base */ = {isa = PBXFileReference; lastKnownFileType = file.storyboard; name = Base; path = Base.lproj/LaunchScreen.storyboard; sourceTree = "<group>"; };
		38195A50217BA3200000E656 /* MoviesAppTests.xctest */ = {isa = PBXFileReference; explicitFileType = wrapper.cfbundle; includeInIndex = 0; path = MoviesAppTests.xctest; sourceTree = BUILT_PRODUCTS_DIR; };
		38195A56217BA3200000E656 /* Info.plist */ = {isa = PBXFileReference; lastKnownFileType = text.plist.xml; path = Info.plist; sourceTree = "<group>"; };
		38195A5B217BA3200000E656 /* MoviesAppUITests.xctest */ = {isa = PBXFileReference; explicitFileType = wrapper.cfbundle; includeInIndex = 0; path = MoviesAppUITests.xctest; sourceTree = BUILT_PRODUCTS_DIR; };
		38195A61217BA3200000E656 /* Info.plist */ = {isa = PBXFileReference; lastKnownFileType = text.plist.xml; path = Info.plist; sourceTree = "<group>"; };
		38195A72217BA7DE0000E656 /* Assets.xcassets */ = {isa = PBXFileReference; lastKnownFileType = folder.assetcatalog; path = Assets.xcassets; sourceTree = "<group>"; };
		38195A73217BA7DE0000E656 /* Info.plist */ = {isa = PBXFileReference; fileEncoding = 4; lastKnownFileType = text.plist.xml; path = Info.plist; sourceTree = "<group>"; };
		38195A7A217BA8E70000E656 /* MAMoviesListViewController.swift */ = {isa = PBXFileReference; lastKnownFileType = sourcecode.swift; path = MAMoviesListViewController.swift; sourceTree = "<group>"; };
		3830449521B08A4700D708F0 /* MAMovieDetailPresenter.swift */ = {isa = PBXFileReference; lastKnownFileType = sourcecode.swift; path = MAMovieDetailPresenter.swift; sourceTree = "<group>"; };
		38B86C23217C4C22000F10DE /* MAMovieDetailViewFactory.swift */ = {isa = PBXFileReference; lastKnownFileType = sourcecode.swift; path = MAMovieDetailViewFactory.swift; sourceTree = "<group>"; };
		38B86C26217C4DB3000F10DE /* MADetailMovieModel.swift */ = {isa = PBXFileReference; lastKnownFileType = sourcecode.swift; path = MADetailMovieModel.swift; sourceTree = "<group>"; };
		38B86C2C217C5B11000F10DE /* MAApiImagesConfigurationModel.swift */ = {isa = PBXFileReference; lastKnownFileType = sourcecode.swift; path = MAApiImagesConfigurationModel.swift; sourceTree = "<group>"; };
		38B86C33217CE36B000F10DE /* MANetworkClient.swift */ = {isa = PBXFileReference; lastKnownFileType = sourcecode.swift; path = MANetworkClient.swift; sourceTree = "<group>"; };
		38B86C35217CECFC000F10DE /* MAFileManager.swift */ = {isa = PBXFileReference; lastKnownFileType = sourcecode.swift; path = MAFileManager.swift; sourceTree = "<group>"; };
		38B86C37217CED3D000F10DE /* FileManager + MoviesApp.swift */ = {isa = PBXFileReference; lastKnownFileType = sourcecode.swift; path = "FileManager + MoviesApp.swift"; sourceTree = "<group>"; };
		38B86C39217CEE38000F10DE /* keys.plist */ = {isa = PBXFileReference; lastKnownFileType = text.plist.xml; path = keys.plist; sourceTree = "<group>"; };
		38B86C3B217CF06F000F10DE /* MAConstants.swift */ = {isa = PBXFileReference; lastKnownFileType = sourcecode.swift; path = MAConstants.swift; sourceTree = "<group>"; };
		38B86C3D217CF237000F10DE /* MAEndpoint.swift */ = {isa = PBXFileReference; lastKnownFileType = sourcecode.swift; path = MAEndpoint.swift; sourceTree = "<group>"; };
		38B86C3F217CF5B0000F10DE /* UserDefaults + MoviesApp.swift */ = {isa = PBXFileReference; lastKnownFileType = sourcecode.swift; path = "UserDefaults + MoviesApp.swift"; sourceTree = "<group>"; };
		38B86C41217D127D000F10DE /* MALoadingViewController.swift */ = {isa = PBXFileReference; lastKnownFileType = sourcecode.swift; path = MALoadingViewController.swift; sourceTree = "<group>"; };
		38B86C43217D12E3000F10DE /* UIViewController + MoviesApp.swift */ = {isa = PBXFileReference; lastKnownFileType = sourcecode.swift; path = "UIViewController + MoviesApp.swift"; sourceTree = "<group>"; };
		38B86C45217D1CD6000F10DE /* MANowPlayingMoviesModel.swift */ = {isa = PBXFileReference; lastKnownFileType = sourcecode.swift; path = MANowPlayingMoviesModel.swift; sourceTree = "<group>"; };
		38B86C4A217D575B000F10DE /* MAConfigurable.swift */ = {isa = PBXFileReference; lastKnownFileType = sourcecode.swift; path = MAConfigurable.swift; sourceTree = "<group>"; };
		38B86C4D217D5784000F10DE /* MAMovieImage.swift */ = {isa = PBXFileReference; lastKnownFileType = sourcecode.swift; path = MAMovieImage.swift; sourceTree = "<group>"; };
		38B86C53217D6236000F10DE /* MAConfigurationEnpoint.swift */ = {isa = PBXFileReference; lastKnownFileType = sourcecode.swift; path = MAConfigurationEnpoint.swift; sourceTree = "<group>"; };
		38B86C56217D629B000F10DE /* MANowPlayingEndpoint.swift */ = {isa = PBXFileReference; lastKnownFileType = sourcecode.swift; path = MANowPlayingEndpoint.swift; sourceTree = "<group>"; };
		38B86C5A217D6770000F10DE /* MASearchEndpoint.swift */ = {isa = PBXFileReference; lastKnownFileType = sourcecode.swift; path = MASearchEndpoint.swift; sourceTree = "<group>"; };
		38C4B533217C25AC00657627 /* UICollectionViewCell + MoviesApp.swift */ = {isa = PBXFileReference; lastKnownFileType = sourcecode.swift; path = "UICollectionViewCell + MoviesApp.swift"; sourceTree = "<group>"; };
		38C4B537217C275900657627 /* MAMovieDetailViewController.swift */ = {isa = PBXFileReference; lastKnownFileType = sourcecode.swift; path = MAMovieDetailViewController.swift; sourceTree = "<group>"; };
		38C4B539217C38E100657627 /* UINavigationController + MoviesApp.swift */ = {isa = PBXFileReference; lastKnownFileType = sourcecode.swift; path = "UINavigationController + MoviesApp.swift"; sourceTree = "<group>"; };
		38C4B53C217C440B00657627 /* MAMovieDetailView.swift */ = {isa = PBXFileReference; lastKnownFileType = sourcecode.swift; path = MAMovieDetailView.swift; sourceTree = "<group>"; };
		38E78692217DE39D0058AFA2 /* MAConfiguration.swift */ = {isa = PBXFileReference; lastKnownFileType = sourcecode.swift; path = MAConfiguration.swift; sourceTree = "<group>"; };
		38E78694217DE8CE0058AFA2 /* MAMoviesListUITests.swift */ = {isa = PBXFileReference; lastKnownFileType = sourcecode.swift; path = MAMoviesListUITests.swift; sourceTree = "<group>"; };
		38EDA593217EBD1700C8381A /* MAErrorAlerts.swift */ = {isa = PBXFileReference; lastKnownFileType = sourcecode.swift; path = MAErrorAlerts.swift; sourceTree = "<group>"; };
		38EDA595217EC5CB00C8381A /* MANetworkClientTest.swift */ = {isa = PBXFileReference; lastKnownFileType = sourcecode.swift; path = MANetworkClientTest.swift; sourceTree = "<group>"; };
		38F1D0B1217BB71B001E70EE /* MAMovieListCellCollectionViewCell.swift */ = {isa = PBXFileReference; lastKnownFileType = sourcecode.swift; path = MAMovieListCellCollectionViewCell.swift; sourceTree = "<group>"; };
		46ACEA23217E5C9800E3B638 /* MAMoviesListPresenter.swift */ = {isa = PBXFileReference; lastKnownFileType = sourcecode.swift; path = MAMoviesListPresenter.swift; sourceTree = "<group>"; };
/* End PBXFileReference section */

/* Begin PBXFrameworksBuildPhase section */
		38195A39217BA31E0000E656 /* Frameworks */ = {
			isa = PBXFrameworksBuildPhase;
			buildActionMask = 2147483647;
			files = (
			);
			runOnlyForDeploymentPostprocessing = 0;
		};
		38195A4D217BA3200000E656 /* Frameworks */ = {
			isa = PBXFrameworksBuildPhase;
			buildActionMask = 2147483647;
			files = (
			);
			runOnlyForDeploymentPostprocessing = 0;
		};
		38195A58217BA3200000E656 /* Frameworks */ = {
			isa = PBXFrameworksBuildPhase;
			buildActionMask = 2147483647;
			files = (
			);
			runOnlyForDeploymentPostprocessing = 0;
		};
/* End PBXFrameworksBuildPhase section */

/* Begin PBXGroup section */
		38195A33217BA31E0000E656 = {
			isa = PBXGroup;
			children = (
				38195A3E217BA31E0000E656 /* MoviesApp */,
				38195A53217BA3200000E656 /* MoviesAppTests */,
				38195A5E217BA3200000E656 /* MoviesAppUITests */,
				38195A3D217BA31E0000E656 /* Products */,
			);
			sourceTree = "<group>";
		};
		38195A3D217BA31E0000E656 /* Products */ = {
			isa = PBXGroup;
			children = (
				38195A3C217BA31E0000E656 /* MoviesApp.app */,
				38195A50217BA3200000E656 /* MoviesAppTests.xctest */,
				38195A5B217BA3200000E656 /* MoviesAppUITests.xctest */,
			);
			name = Products;
			sourceTree = "<group>";
		};
		38195A3E217BA31E0000E656 /* MoviesApp */ = {
			isa = PBXGroup;
			children = (
				38195A3F217BA31E0000E656 /* AppDelegate.swift */,
				38195A48217BA3200000E656 /* LaunchScreen.storyboard */,
				38B86C32217CE354000F10DE /* Core */,
				38195A76217BA7F30000E656 /* Features */,
				38C4B532217C258400657627 /* Extensions */,
				38195A6F217BA7DE0000E656 /* Supporting files */,
			);
			path = MoviesApp;
			sourceTree = "<group>";
		};
		38195A53217BA3200000E656 /* MoviesAppTests */ = {
			isa = PBXGroup;
			children = (
				38195A56217BA3200000E656 /* Info.plist */,
				38EDA595217EC5CB00C8381A /* MANetworkClientTest.swift */,
			);
			path = MoviesAppTests;
			sourceTree = "<group>";
		};
		38195A5E217BA3200000E656 /* MoviesAppUITests */ = {
			isa = PBXGroup;
			children = (
				38195A61217BA3200000E656 /* Info.plist */,
				38E78694217DE8CE0058AFA2 /* MAMoviesListUITests.swift */,
			);
			path = MoviesAppUITests;
			sourceTree = "<group>";
		};
		38195A6F217BA7DE0000E656 /* Supporting files */ = {
			isa = PBXGroup;
			children = (
				38B86C39217CEE38000F10DE /* keys.plist */,
				38195A73217BA7DE0000E656 /* Info.plist */,
				38195A71217BA7DE0000E656 /* Assets */,
			);
			path = "Supporting files";
			sourceTree = "<group>";
		};
		38195A71217BA7DE0000E656 /* Assets */ = {
			isa = PBXGroup;
			children = (
				38195A72217BA7DE0000E656 /* Assets.xcassets */,
			);
			path = Assets;
			sourceTree = "<group>";
		};
		38195A76217BA7F30000E656 /* Features */ = {
			isa = PBXGroup;
			children = (
				38B86C2B217C5AE4000F10DE /* Configuration */,
				38195A77217BA8260000E656 /* List Movies */,
				38C4B535217C271100657627 /* Movies detail */,
				38B86C58217D6758000F10DE /* Search */,
			);
			path = Features;
			sourceTree = "<group>";
		};
		38195A77217BA8260000E656 /* List Movies */ = {
			isa = PBXGroup;
			children = (
				38B86C55217D6277000F10DE /* Endpoint */,
				38F1D0AF217BB6A4001E70EE /* Models */,
				46ACEA22217E5C7900E3B638 /* Presenter */,
				38F1D0AD217BB680001E70EE /* View Controllers */,
				38F1D0AE217BB69D001E70EE /* Views */,
			);
			path = "List Movies";
			sourceTree = "<group>";
		};
		3830449421B08A2300D708F0 /* Presenter */ = {
			isa = PBXGroup;
			children = (
				3830449521B08A4700D708F0 /* MAMovieDetailPresenter.swift */,
			);
			path = Presenter;
			sourceTree = "<group>";
		};
		38B86C22217C4BF7000F10DE /* Factory */ = {
			isa = PBXGroup;
			children = (
				38B86C23217C4C22000F10DE /* MAMovieDetailViewFactory.swift */,
			);
			path = Factory;
			sourceTree = "<group>";
		};
		38B86C25217C4D96000F10DE /* Models */ = {
			isa = PBXGroup;
			children = (
				38B86C26217C4DB3000F10DE /* MADetailMovieModel.swift */,
			);
			path = Models;
			sourceTree = "<group>";
		};
		38B86C2B217C5AE4000F10DE /* Configuration */ = {
			isa = PBXGroup;
			children = (
				38B86C2F217C5D1D000F10DE /* Endpoint */,
				38E78691217DE3880058AFA2 /* Logic */,
				38B86C2E217C5D15000F10DE /* Models */,
			);
			path = Configuration;
			sourceTree = "<group>";
		};
		38B86C2E217C5D15000F10DE /* Models */ = {
			isa = PBXGroup;
			children = (
				38B86C2C217C5B11000F10DE /* MAApiImagesConfigurationModel.swift */,
			);
			path = Models;
			sourceTree = "<group>";
		};
		38B86C2F217C5D1D000F10DE /* Endpoint */ = {
			isa = PBXGroup;
			children = (
				38B86C53217D6236000F10DE /* MAConfigurationEnpoint.swift */,
			);
			path = Endpoint;
			sourceTree = "<group>";
		};
		38B86C32217CE354000F10DE /* Core */ = {
			isa = PBXGroup;
			children = (
				38B86C51217D61E1000F10DE /* Constants */,
				38B86C50217D61D6000F10DE /* Loading  */,
				38B86C52217D61ED000F10DE /* Manager */,
				38B86C4F217D61A0000F10DE /* Network client */,
				38B86C49217D573A000F10DE /* Protocols */,
				38B86C4C217D5773000F10DE /* Views */,
			);
			path = Core;
			sourceTree = "<group>";
		};
		38B86C49217D573A000F10DE /* Protocols */ = {
			isa = PBXGroup;
			children = (
				38B86C4A217D575B000F10DE /* MAConfigurable.swift */,
			);
			path = Protocols;
			sourceTree = "<group>";
		};
		38B86C4C217D5773000F10DE /* Views */ = {
			isa = PBXGroup;
			children = (
				38EDA593217EBD1700C8381A /* MAErrorAlerts.swift */,
				38B86C4D217D5784000F10DE /* MAMovieImage.swift */,
			);
			path = Views;
			sourceTree = "<group>";
		};
		38B86C4F217D61A0000F10DE /* Network client */ = {
			isa = PBXGroup;
			children = (
				38B86C33217CE36B000F10DE /* MANetworkClient.swift */,
				38B86C3D217CF237000F10DE /* MAEndpoint.swift */,
			);
			path = "Network client";
			sourceTree = "<group>";
		};
		38B86C50217D61D6000F10DE /* Loading  */ = {
			isa = PBXGroup;
			children = (
				38B86C41217D127D000F10DE /* MALoadingViewController.swift */,
			);
			path = "Loading ";
			sourceTree = "<group>";
		};
		38B86C51217D61E1000F10DE /* Constants */ = {
			isa = PBXGroup;
			children = (
				38B86C3B217CF06F000F10DE /* MAConstants.swift */,
			);
			path = Constants;
			sourceTree = "<group>";
		};
		38B86C52217D61ED000F10DE /* Manager */ = {
			isa = PBXGroup;
			children = (
				38B86C35217CECFC000F10DE /* MAFileManager.swift */,
			);
			path = Manager;
			sourceTree = "<group>";
		};
		38B86C55217D6277000F10DE /* Endpoint */ = {
			isa = PBXGroup;
			children = (
				38B86C56217D629B000F10DE /* MANowPlayingEndpoint.swift */,
			);
			path = Endpoint;
			sourceTree = "<group>";
		};
		38B86C58217D6758000F10DE /* Search */ = {
			isa = PBXGroup;
			children = (
				38B86C59217D6762000F10DE /* Endpoint */,
			);
			path = Search;
			sourceTree = "<group>";
		};
		38B86C59217D6762000F10DE /* Endpoint */ = {
			isa = PBXGroup;
			children = (
				38B86C5A217D6770000F10DE /* MASearchEndpoint.swift */,
			);
			path = Endpoint;
			sourceTree = "<group>";
		};
		38C4B532217C258400657627 /* Extensions */ = {
			isa = PBXGroup;
			children = (
				38B86C37217CED3D000F10DE /* FileManager + MoviesApp.swift */,
				38C4B533217C25AC00657627 /* UICollectionViewCell + MoviesApp.swift */,
				38C4B539217C38E100657627 /* UINavigationController + MoviesApp.swift */,
				38B86C43217D12E3000F10DE /* UIViewController + MoviesApp.swift */,
				38B86C3F217CF5B0000F10DE /* UserDefaults + MoviesApp.swift */,
			);
			path = Extensions;
			sourceTree = "<group>";
		};
		38C4B535217C271100657627 /* Movies detail */ = {
			isa = PBXGroup;
			children = (
				38B86C22217C4BF7000F10DE /* Factory */,
				38B86C25217C4D96000F10DE /* Models */,
				3830449421B08A2300D708F0 /* Presenter */,
				38C4B536217C272800657627 /* View Controllers */,
				38C4B53B217C43E600657627 /* Views */,
			);
			path = "Movies detail";
			sourceTree = "<group>";
		};
		38C4B536217C272800657627 /* View Controllers */ = {
			isa = PBXGroup;
			children = (
				38C4B537217C275900657627 /* MAMovieDetailViewController.swift */,
			);
			path = "View Controllers";
			sourceTree = "<group>";
		};
		38C4B53B217C43E600657627 /* Views */ = {
			isa = PBXGroup;
			children = (
				38C4B53C217C440B00657627 /* MAMovieDetailView.swift */,
			);
			path = Views;
			sourceTree = "<group>";
		};
		38E78691217DE3880058AFA2 /* Logic */ = {
			isa = PBXGroup;
			children = (
				38E78692217DE39D0058AFA2 /* MAConfiguration.swift */,
			);
			path = Logic;
			sourceTree = "<group>";
		};
		38F1D0AD217BB680001E70EE /* View Controllers */ = {
			isa = PBXGroup;
			children = (
				38195A7A217BA8E70000E656 /* MAMoviesListViewController.swift */,
			);
			path = "View Controllers";
			sourceTree = "<group>";
		};
		38F1D0AE217BB69D001E70EE /* Views */ = {
			isa = PBXGroup;
			children = (
				38F1D0B1217BB71B001E70EE /* MAMovieListCellCollectionViewCell.swift */,
			);
			path = Views;
			sourceTree = "<group>";
		};
		38F1D0AF217BB6A4001E70EE /* Models */ = {
			isa = PBXGroup;
			children = (
				38B86C45217D1CD6000F10DE /* MANowPlayingMoviesModel.swift */,
			);
			path = Models;
			sourceTree = "<group>";
		};
		46ACEA22217E5C7900E3B638 /* Presenter */ = {
			isa = PBXGroup;
			children = (
				46ACEA23217E5C9800E3B638 /* MAMoviesListPresenter.swift */,
			);
			path = Presenter;
			sourceTree = "<group>";
		};
/* End PBXGroup section */

/* Begin PBXNativeTarget section */
		38195A3B217BA31E0000E656 /* MoviesApp */ = {
			isa = PBXNativeTarget;
			buildConfigurationList = 38195A64217BA3200000E656 /* Build configuration list for PBXNativeTarget "MoviesApp" */;
			buildPhases = (
				38195A38217BA31E0000E656 /* Sources */,
				38195A39217BA31E0000E656 /* Frameworks */,
				38195A3A217BA31E0000E656 /* Resources */,
			);
			buildRules = (
			);
			dependencies = (
			);
			name = MoviesApp;
			productName = MoviesApp;
			productReference = 38195A3C217BA31E0000E656 /* MoviesApp.app */;
			productType = "com.apple.product-type.application";
		};
		38195A4F217BA3200000E656 /* MoviesAppTests */ = {
			isa = PBXNativeTarget;
			buildConfigurationList = 38195A67217BA3200000E656 /* Build configuration list for PBXNativeTarget "MoviesAppTests" */;
			buildPhases = (
				38195A4C217BA3200000E656 /* Sources */,
				38195A4D217BA3200000E656 /* Frameworks */,
				38195A4E217BA3200000E656 /* Resources */,
			);
			buildRules = (
			);
			dependencies = (
				38195A52217BA3200000E656 /* PBXTargetDependency */,
			);
			name = MoviesAppTests;
			productName = MoviesAppTests;
			productReference = 38195A50217BA3200000E656 /* MoviesAppTests.xctest */;
			productType = "com.apple.product-type.bundle.unit-test";
		};
		38195A5A217BA3200000E656 /* MoviesAppUITests */ = {
			isa = PBXNativeTarget;
			buildConfigurationList = 38195A6A217BA3200000E656 /* Build configuration list for PBXNativeTarget "MoviesAppUITests" */;
			buildPhases = (
				38195A57217BA3200000E656 /* Sources */,
				38195A58217BA3200000E656 /* Frameworks */,
				38195A59217BA3200000E656 /* Resources */,
			);
			buildRules = (
			);
			dependencies = (
				38195A5D217BA3200000E656 /* PBXTargetDependency */,
			);
			name = MoviesAppUITests;
			productName = MoviesAppUITests;
			productReference = 38195A5B217BA3200000E656 /* MoviesAppUITests.xctest */;
			productType = "com.apple.product-type.bundle.ui-testing";
		};
/* End PBXNativeTarget section */

/* Begin PBXProject section */
		38195A34217BA31E0000E656 /* Project object */ = {
			isa = PBXProject;
			attributes = {
				LastSwiftUpdateCheck = 1000;
				LastUpgradeCheck = 1000;
				ORGANIZATIONNAME = seblerom;
				TargetAttributes = {
					38195A3B217BA31E0000E656 = {
						CreatedOnToolsVersion = 10.0;
					};
					38195A4F217BA3200000E656 = {
						CreatedOnToolsVersion = 10.0;
						TestTargetID = 38195A3B217BA31E0000E656;
					};
					38195A5A217BA3200000E656 = {
						CreatedOnToolsVersion = 10.0;
						TestTargetID = 38195A3B217BA31E0000E656;
					};
				};
			};
			buildConfigurationList = 38195A37217BA31E0000E656 /* Build configuration list for PBXProject "MoviesApp" */;
			compatibilityVersion = "Xcode 9.3";
			developmentRegion = en;
			hasScannedForEncodings = 0;
			knownRegions = (
				en,
				Base,
			);
			mainGroup = 38195A33217BA31E0000E656;
			productRefGroup = 38195A3D217BA31E0000E656 /* Products */;
			projectDirPath = "";
			projectRoot = "";
			targets = (
				38195A3B217BA31E0000E656 /* MoviesApp */,
				38195A4F217BA3200000E656 /* MoviesAppTests */,
				38195A5A217BA3200000E656 /* MoviesAppUITests */,
			);
		};
/* End PBXProject section */

/* Begin PBXResourcesBuildPhase section */
		38195A3A217BA31E0000E656 /* Resources */ = {
			isa = PBXResourcesBuildPhase;
			buildActionMask = 2147483647;
			files = (
				38195A74217BA7DE0000E656 /* Assets.xcassets in Resources */,
				38195A4A217BA3200000E656 /* LaunchScreen.storyboard in Resources */,
				38B86C3A217CEE38000F10DE /* keys.plist in Resources */,
			);
			runOnlyForDeploymentPostprocessing = 0;
		};
		38195A4E217BA3200000E656 /* Resources */ = {
			isa = PBXResourcesBuildPhase;
			buildActionMask = 2147483647;
			files = (
			);
			runOnlyForDeploymentPostprocessing = 0;
		};
		38195A59217BA3200000E656 /* Resources */ = {
			isa = PBXResourcesBuildPhase;
			buildActionMask = 2147483647;
			files = (
			);
			runOnlyForDeploymentPostprocessing = 0;
		};
/* End PBXResourcesBuildPhase section */

/* Begin PBXSourcesBuildPhase section */
		38195A38217BA31E0000E656 /* Sources */ = {
			isa = PBXSourcesBuildPhase;
			buildActionMask = 2147483647;
			files = (
				38195A7B217BA8E70000E656 /* MAMoviesListViewController.swift in Sources */,
				46ACEA24217E5C9800E3B638 /* MAMoviesListPresenter.swift in Sources */,
				38C4B538217C275900657627 /* MAMovieDetailViewController.swift in Sources */,
				38C4B53A217C38E100657627 /* UINavigationController + MoviesApp.swift in Sources */,
				38B86C42217D127D000F10DE /* MALoadingViewController.swift in Sources */,
				38EDA594217EBD1700C8381A /* MAErrorAlerts.swift in Sources */,
				38B86C36217CECFC000F10DE /* MAFileManager.swift in Sources */,
				38B86C3E217CF237000F10DE /* MAEndpoint.swift in Sources */,
				38B86C5B217D6770000F10DE /* MASearchEndpoint.swift in Sources */,
				38C4B534217C25AC00657627 /* UICollectionViewCell + MoviesApp.swift in Sources */,
				38B86C34217CE36B000F10DE /* MANetworkClient.swift in Sources */,
				38B86C57217D629B000F10DE /* MANowPlayingEndpoint.swift in Sources */,
				3830449621B08A4700D708F0 /* MAMovieDetailPresenter.swift in Sources */,
				38B86C54217D6236000F10DE /* MAConfigurationEnpoint.swift in Sources */,
				38B86C3C217CF06F000F10DE /* MAConstants.swift in Sources */,
				38E78693217DE39D0058AFA2 /* MAConfiguration.swift in Sources */,
				38B86C4E217D5784000F10DE /* MAMovieImage.swift in Sources */,
				38B86C46217D1CD6000F10DE /* MANowPlayingMoviesModel.swift in Sources */,
				38B86C27217C4DB3000F10DE /* MADetailMovieModel.swift in Sources */,
				38B86C40217CF5B0000F10DE /* UserDefaults + MoviesApp.swift in Sources */,
				38B86C44217D12E3000F10DE /* UIViewController + MoviesApp.swift in Sources */,
				38F1D0B2217BB71B001E70EE /* MAMovieListCellCollectionViewCell.swift in Sources */,
				38B86C2D217C5B11000F10DE /* MAApiImagesConfigurationModel.swift in Sources */,
				38B86C38217CED3D000F10DE /* FileManager + MoviesApp.swift in Sources */,
				38B86C24217C4C22000F10DE /* MAMovieDetailViewFactory.swift in Sources */,
				38B86C4B217D575B000F10DE /* MAConfigurable.swift in Sources */,
				38C4B53D217C440B00657627 /* MAMovieDetailView.swift in Sources */,
				38195A40217BA31E0000E656 /* AppDelegate.swift in Sources */,
			);
			runOnlyForDeploymentPostprocessing = 0;
		};
		38195A4C217BA3200000E656 /* Sources */ = {
			isa = PBXSourcesBuildPhase;
			buildActionMask = 2147483647;
			files = (
				38EDA596217EC5CB00C8381A /* MANetworkClientTest.swift in Sources */,
			);
			runOnlyForDeploymentPostprocessing = 0;
		};
		38195A57217BA3200000E656 /* Sources */ = {
			isa = PBXSourcesBuildPhase;
			buildActionMask = 2147483647;
			files = (
				38E78695217DE8CE0058AFA2 /* MAMoviesListUITests.swift in Sources */,
			);
			runOnlyForDeploymentPostprocessing = 0;
		};
/* End PBXSourcesBuildPhase section */

/* Begin PBXTargetDependency section */
		38195A52217BA3200000E656 /* PBXTargetDependency */ = {
			isa = PBXTargetDependency;
			target = 38195A3B217BA31E0000E656 /* MoviesApp */;
			targetProxy = 38195A51217BA3200000E656 /* PBXContainerItemProxy */;
		};
		38195A5D217BA3200000E656 /* PBXTargetDependency */ = {
			isa = PBXTargetDependency;
			target = 38195A3B217BA31E0000E656 /* MoviesApp */;
			targetProxy = 38195A5C217BA3200000E656 /* PBXContainerItemProxy */;
		};
/* End PBXTargetDependency section */

/* Begin PBXVariantGroup section */
		38195A48217BA3200000E656 /* LaunchScreen.storyboard */ = {
			isa = PBXVariantGroup;
			children = (
				38195A49217BA3200000E656 /* Base */,
			);
			name = LaunchScreen.storyboard;
			sourceTree = "<group>";
		};
/* End PBXVariantGroup section */

/* Begin XCBuildConfiguration section */
		38195A62217BA3200000E656 /* Debug */ = {
			isa = XCBuildConfiguration;
			buildSettings = {
				ALWAYS_SEARCH_USER_PATHS = NO;
				CLANG_ANALYZER_NONNULL = YES;
				CLANG_ANALYZER_NUMBER_OBJECT_CONVERSION = YES_AGGRESSIVE;
				CLANG_CXX_LANGUAGE_STANDARD = "gnu++14";
				CLANG_CXX_LIBRARY = "libc++";
				CLANG_ENABLE_MODULES = YES;
				CLANG_ENABLE_OBJC_ARC = YES;
				CLANG_ENABLE_OBJC_WEAK = YES;
				CLANG_WARN_BLOCK_CAPTURE_AUTORELEASING = YES;
				CLANG_WARN_BOOL_CONVERSION = YES;
				CLANG_WARN_COMMA = YES;
				CLANG_WARN_CONSTANT_CONVERSION = YES;
				CLANG_WARN_DEPRECATED_OBJC_IMPLEMENTATIONS = YES;
				CLANG_WARN_DIRECT_OBJC_ISA_USAGE = YES_ERROR;
				CLANG_WARN_DOCUMENTATION_COMMENTS = YES;
				CLANG_WARN_EMPTY_BODY = YES;
				CLANG_WARN_ENUM_CONVERSION = YES;
				CLANG_WARN_INFINITE_RECURSION = YES;
				CLANG_WARN_INT_CONVERSION = YES;
				CLANG_WARN_NON_LITERAL_NULL_CONVERSION = YES;
				CLANG_WARN_OBJC_IMPLICIT_RETAIN_SELF = YES;
				CLANG_WARN_OBJC_LITERAL_CONVERSION = YES;
				CLANG_WARN_OBJC_ROOT_CLASS = YES_ERROR;
				CLANG_WARN_RANGE_LOOP_ANALYSIS = YES;
				CLANG_WARN_STRICT_PROTOTYPES = YES;
				CLANG_WARN_SUSPICIOUS_MOVE = YES;
				CLANG_WARN_UNGUARDED_AVAILABILITY = YES_AGGRESSIVE;
				CLANG_WARN_UNREACHABLE_CODE = YES;
				CLANG_WARN__DUPLICATE_METHOD_MATCH = YES;
				CODE_SIGN_IDENTITY = "iPhone Developer";
				COPY_PHASE_STRIP = NO;
				DEBUG_INFORMATION_FORMAT = dwarf;
				ENABLE_STRICT_OBJC_MSGSEND = YES;
				ENABLE_TESTABILITY = YES;
				GCC_C_LANGUAGE_STANDARD = gnu11;
				GCC_DYNAMIC_NO_PIC = NO;
				GCC_NO_COMMON_BLOCKS = YES;
				GCC_OPTIMIZATION_LEVEL = 0;
				GCC_PREPROCESSOR_DEFINITIONS = (
					"DEBUG=1",
					"$(inherited)",
				);
				GCC_WARN_64_TO_32_BIT_CONVERSION = YES;
				GCC_WARN_ABOUT_RETURN_TYPE = YES_ERROR;
				GCC_WARN_UNDECLARED_SELECTOR = YES;
				GCC_WARN_UNINITIALIZED_AUTOS = YES_AGGRESSIVE;
				GCC_WARN_UNUSED_FUNCTION = YES;
				GCC_WARN_UNUSED_VARIABLE = YES;
				IPHONEOS_DEPLOYMENT_TARGET = 11.4;
				MTL_ENABLE_DEBUG_INFO = INCLUDE_SOURCE;
				MTL_FAST_MATH = YES;
				ONLY_ACTIVE_ARCH = YES;
				SDKROOT = iphoneos;
				SWIFT_ACTIVE_COMPILATION_CONDITIONS = DEBUG;
				SWIFT_OPTIMIZATION_LEVEL = "-Onone";
			};
			name = Debug;
		};
		38195A63217BA3200000E656 /* Release */ = {
			isa = XCBuildConfiguration;
			buildSettings = {
				ALWAYS_SEARCH_USER_PATHS = NO;
				CLANG_ANALYZER_NONNULL = YES;
				CLANG_ANALYZER_NUMBER_OBJECT_CONVERSION = YES_AGGRESSIVE;
				CLANG_CXX_LANGUAGE_STANDARD = "gnu++14";
				CLANG_CXX_LIBRARY = "libc++";
				CLANG_ENABLE_MODULES = YES;
				CLANG_ENABLE_OBJC_ARC = YES;
				CLANG_ENABLE_OBJC_WEAK = YES;
				CLANG_WARN_BLOCK_CAPTURE_AUTORELEASING = YES;
				CLANG_WARN_BOOL_CONVERSION = YES;
				CLANG_WARN_COMMA = YES;
				CLANG_WARN_CONSTANT_CONVERSION = YES;
				CLANG_WARN_DEPRECATED_OBJC_IMPLEMENTATIONS = YES;
				CLANG_WARN_DIRECT_OBJC_ISA_USAGE = YES_ERROR;
				CLANG_WARN_DOCUMENTATION_COMMENTS = YES;
				CLANG_WARN_EMPTY_BODY = YES;
				CLANG_WARN_ENUM_CONVERSION = YES;
				CLANG_WARN_INFINITE_RECURSION = YES;
				CLANG_WARN_INT_CONVERSION = YES;
				CLANG_WARN_NON_LITERAL_NULL_CONVERSION = YES;
				CLANG_WARN_OBJC_IMPLICIT_RETAIN_SELF = YES;
				CLANG_WARN_OBJC_LITERAL_CONVERSION = YES;
				CLANG_WARN_OBJC_ROOT_CLASS = YES_ERROR;
				CLANG_WARN_RANGE_LOOP_ANALYSIS = YES;
				CLANG_WARN_STRICT_PROTOTYPES = YES;
				CLANG_WARN_SUSPICIOUS_MOVE = YES;
				CLANG_WARN_UNGUARDED_AVAILABILITY = YES_AGGRESSIVE;
				CLANG_WARN_UNREACHABLE_CODE = YES;
				CLANG_WARN__DUPLICATE_METHOD_MATCH = YES;
				CODE_SIGN_IDENTITY = "iPhone Developer";
				COPY_PHASE_STRIP = NO;
				DEBUG_INFORMATION_FORMAT = "dwarf-with-dsym";
				ENABLE_NS_ASSERTIONS = NO;
				ENABLE_STRICT_OBJC_MSGSEND = YES;
				GCC_C_LANGUAGE_STANDARD = gnu11;
				GCC_NO_COMMON_BLOCKS = YES;
				GCC_WARN_64_TO_32_BIT_CONVERSION = YES;
				GCC_WARN_ABOUT_RETURN_TYPE = YES_ERROR;
				GCC_WARN_UNDECLARED_SELECTOR = YES;
				GCC_WARN_UNINITIALIZED_AUTOS = YES_AGGRESSIVE;
				GCC_WARN_UNUSED_FUNCTION = YES;
				GCC_WARN_UNUSED_VARIABLE = YES;
				IPHONEOS_DEPLOYMENT_TARGET = 11.4;
				MTL_ENABLE_DEBUG_INFO = NO;
				MTL_FAST_MATH = YES;
				SDKROOT = iphoneos;
				SWIFT_COMPILATION_MODE = wholemodule;
				SWIFT_OPTIMIZATION_LEVEL = "-O";
				VALIDATE_PRODUCT = YES;
			};
			name = Release;
		};
		38195A65217BA3200000E656 /* Debug */ = {
			isa = XCBuildConfiguration;
			buildSettings = {
				ASSETCATALOG_COMPILER_APPICON_NAME = AppIcon;
				CODE_SIGN_IDENTITY = "iPhone Developer";
				CODE_SIGN_STYLE = Automatic;
				DEVELOPMENT_TEAM = 6389YLWL2N;
				INFOPLIST_FILE = "$(SRCROOT)/MoviesApp/Supporting files/Info.plist";
				IPHONEOS_DEPLOYMENT_TARGET = 11.4;
				LD_RUNPATH_SEARCH_PATHS = (
					"$(inherited)",
					"@executable_path/Frameworks",
				);
				PRODUCT_BUNDLE_IDENTIFIER = com.seblerom.MoviesApp;
				PRODUCT_NAME = "$(TARGET_NAME)";
				PROVISIONING_PROFILE_SPECIFIER = "";
				SWIFT_VERSION = 4.0;
				TARGETED_DEVICE_FAMILY = 1;
			};
			name = Debug;
		};
		38195A66217BA3200000E656 /* Release */ = {
			isa = XCBuildConfiguration;
			buildSettings = {
				ASSETCATALOG_COMPILER_APPICON_NAME = AppIcon;
				CODE_SIGN_IDENTITY = "iPhone Developer";
				CODE_SIGN_STYLE = Automatic;
				DEVELOPMENT_TEAM = 6389YLWL2N;
				INFOPLIST_FILE = "$(SRCROOT)/MoviesApp/Supporting files/Info.plist";
				IPHONEOS_DEPLOYMENT_TARGET = 11.4;
				LD_RUNPATH_SEARCH_PATHS = (
					"$(inherited)",
					"@executable_path/Frameworks",
				);
				PRODUCT_BUNDLE_IDENTIFIER = com.seblerom.MoviesApp;
				PRODUCT_NAME = "$(TARGET_NAME)";
				PROVISIONING_PROFILE_SPECIFIER = "";
				SWIFT_VERSION = 4.0;
				TARGETED_DEVICE_FAMILY = 1;
			};
			name = Release;
		};
		38195A68217BA3200000E656 /* Debug */ = {
			isa = XCBuildConfiguration;
			buildSettings = {
				ALWAYS_EMBED_SWIFT_STANDARD_LIBRARIES = YES;
				BUNDLE_LOADER = "$(TEST_HOST)";
				CODE_SIGN_STYLE = Automatic;
				DEVELOPMENT_TEAM = 6389YLWL2N;
				INFOPLIST_FILE = MoviesAppTests/Info.plist;
				IPHONEOS_DEPLOYMENT_TARGET = 11.4;
				LD_RUNPATH_SEARCH_PATHS = (
					"$(inherited)",
					"@executable_path/Frameworks",
					"@loader_path/Frameworks",
				);
				PRODUCT_BUNDLE_IDENTIFIER = com.seblerom.MoviesAppTests;
				PRODUCT_NAME = "$(TARGET_NAME)";
				SWIFT_VERSION = 4.2;
				TARGETED_DEVICE_FAMILY = "1,2";
				TEST_HOST = "$(BUILT_PRODUCTS_DIR)/MoviesApp.app/MoviesApp";
			};
			name = Debug;
		};
		38195A69217BA3200000E656 /* Release */ = {
			isa = XCBuildConfiguration;
			buildSettings = {
				ALWAYS_EMBED_SWIFT_STANDARD_LIBRARIES = YES;
				BUNDLE_LOADER = "$(TEST_HOST)";
				CODE_SIGN_STYLE = Automatic;
				DEVELOPMENT_TEAM = 6389YLWL2N;
				INFOPLIST_FILE = MoviesAppTests/Info.plist;
				IPHONEOS_DEPLOYMENT_TARGET = 11.4;
				LD_RUNPATH_SEARCH_PATHS = (
					"$(inherited)",
					"@executable_path/Frameworks",
					"@loader_path/Frameworks",
				);
				PRODUCT_BUNDLE_IDENTIFIER = com.seblerom.MoviesAppTests;
				PRODUCT_NAME = "$(TARGET_NAME)";
				SWIFT_VERSION = 4.2;
				TARGETED_DEVICE_FAMILY = "1,2";
				TEST_HOST = "$(BUILT_PRODUCTS_DIR)/MoviesApp.app/MoviesApp";
			};
			name = Release;
		};
		38195A6B217BA3200000E656 /* Debug */ = {
			isa = XCBuildConfiguration;
			buildSettings = {
				ALWAYS_EMBED_SWIFT_STANDARD_LIBRARIES = YES;
				CODE_SIGN_STYLE = Automatic;
				DEVELOPMENT_TEAM = 6389YLWL2N;
				INFOPLIST_FILE = MoviesAppUITests/Info.plist;
				LD_RUNPATH_SEARCH_PATHS = (
					"$(inherited)",
					"@executable_path/Frameworks",
					"@loader_path/Frameworks",
				);
				PRODUCT_BUNDLE_IDENTIFIER = com.seblerom.MoviesAppUITests;
				PRODUCT_NAME = "$(TARGET_NAME)";
				SWIFT_VERSION = 4.2;
				TARGETED_DEVICE_FAMILY = "1,2";
				TEST_TARGET_NAME = MoviesApp;
			};
			name = Debug;
		};
		38195A6C217BA3200000E656 /* Release */ = {
			isa = XCBuildConfiguration;
			buildSettings = {
				ALWAYS_EMBED_SWIFT_STANDARD_LIBRARIES = YES;
				CODE_SIGN_STYLE = Automatic;
				DEVELOPMENT_TEAM = 6389YLWL2N;
				INFOPLIST_FILE = MoviesAppUITests/Info.plist;
				LD_RUNPATH_SEARCH_PATHS = (
					"$(inherited)",
					"@executable_path/Frameworks",
					"@loader_path/Frameworks",
				);
				PRODUCT_BUNDLE_IDENTIFIER = com.seblerom.MoviesAppUITests;
				PRODUCT_NAME = "$(TARGET_NAME)";
				SWIFT_VERSION = 4.2;
				TARGETED_DEVICE_FAMILY = "1,2";
				TEST_TARGET_NAME = MoviesApp;
			};
			name = Release;
		};
/* End XCBuildConfiguration section */

/* Begin XCConfigurationList section */
		38195A37217BA31E0000E656 /* Build configuration list for PBXProject "MoviesApp" */ = {
			isa = XCConfigurationList;
			buildConfigurations = (
				38195A62217BA3200000E656 /* Debug */,
				38195A63217BA3200000E656 /* Release */,
			);
			defaultConfigurationIsVisible = 0;
			defaultConfigurationName = Release;
		};
		38195A64217BA3200000E656 /* Build configuration list for PBXNativeTarget "MoviesApp" */ = {
			isa = XCConfigurationList;
			buildConfigurations = (
				38195A65217BA3200000E656 /* Debug */,
				38195A66217BA3200000E656 /* Release */,
			);
			defaultConfigurationIsVisible = 0;
			defaultConfigurationName = Release;
		};
		38195A67217BA3200000E656 /* Build configuration list for PBXNativeTarget "MoviesAppTests" */ = {
			isa = XCConfigurationList;
			buildConfigurations = (
				38195A68217BA3200000E656 /* Debug */,
				38195A69217BA3200000E656 /* Release */,
			);
			defaultConfigurationIsVisible = 0;
			defaultConfigurationName = Release;
		};
		38195A6A217BA3200000E656 /* Build configuration list for PBXNativeTarget "MoviesAppUITests" */ = {
			isa = XCConfigurationList;
			buildConfigurations = (
				38195A6B217BA3200000E656 /* Debug */,
				38195A6C217BA3200000E656 /* Release */,
			);
			defaultConfigurationIsVisible = 0;
			defaultConfigurationName = Release;
		};
/* End XCConfigurationList section */
	};
	rootObject = 38195A34217BA31E0000E656 /* Project object */;
}
